
Microsoft Visual Studio Solution File, Format Version 12.00
# Visual Studio 15
VisualStudioVersion = 15.0.27428.2015
MinimumVisualStudioVersion = 10.0.40219.1
Project("{FAE04EC0-301F-11D3-BF4B-00C04F79EFBC}") = "MainCorreo", "tp4\MainCorreo.csproj", "{FE9E6C1A-0BEC-4B20-8B6E-9B7EE9116778}"
EndProject
Project("{FAE04EC0-301F-11D3-BF4B-00C04F79EFBC}") = "Entidades", "Entidades\Entidades.csproj", "{7D43631E-9724-4D18-9D5A-04192632C905}"
EndProject
Project("{FAE04EC0-301F-11D3-BF4B-00C04F79EFBC}") = "EntidadesTests", "EntidadesTests\EntidadesTests.csproj", "{3BF47948-FF2C-4DDE-A864-AB0C7981CD1D}"
EndProject
Global
	GlobalSection(SolutionConfigurationPlatforms) = preSolution
		Debug|Any CPU = Debug|Any CPU
		Debug|ARM = Debug|ARM
		Debug|x64 = Debug|x64
		Debug|x86 = Debug|x86
		Release|Any CPU = Release|Any CPU
		Release|ARM = Release|ARM
		Release|x64 = Release|x64
		Release|x86 = Release|x86
	EndGlobalSection
	GlobalSection(ProjectConfigurationPlatforms) = postSolution
		{FE9E6C1A-0BEC-4B20-8B6E-9B7EE9116778}.Debug|Any CPU.ActiveCfg = Debug|Any CPU
		{FE9E6C1A-0BEC-4B20-8B6E-9B7EE9116778}.Debug|Any CPU.Build.0 = Debug|Any CPU
		{FE9E6C1A-0BEC-4B20-8B6E-9B7EE9116778}.Debug|ARM.ActiveCfg = Debug|Any CPU
		{FE9E6C1A-0BEC-4B20-8B6E-9B7EE9116778}.Debug|ARM.Build.0 = Debug|Any CPU
		{FE9E6C1A-0BEC-4B20-8B6E-9B7EE9116778}.Debug|x64.ActiveCfg = Debug|Any CPU
		{FE9E6C1A-0BEC-4B20-8B6E-9B7EE9116778}.Debug|x64.Build.0 = Debug|Any CPU
		{FE9E6C1A-0BEC-4B20-8B6E-9B7EE9116778}.Debug|x86.ActiveCfg = Debug|Any CPU
		{FE9E6C1A-0BEC-4B20-8B6E-9B7EE9116778}.Debug|x86.Build.0 = Debug|Any CPU
		{FE9E6C1A-0BEC-4B20-8B6E-9B7EE9116778}.Release|Any CPU.ActiveCfg = Release|Any CPU
		{FE9E6C1A-0BEC-4B20-8B6E-9B7EE9116778}.Release|Any CPU.Build.0 = Release|Any CPU
		{FE9E6C1A-0BEC-4B20-8B6E-9B7EE9116778}.Release|ARM.ActiveCfg = Release|Any CPU
		{FE9E6C1A-0BEC-4B20-8B6E-9B7EE9116778}.Release|ARM.Build.0 = Release|Any CPU
		{FE9E6C1A-0BEC-4B20-8B6E-9B7EE9116778}.Release|x64.ActiveCfg = Release|Any CPU
		{FE9E6C1A-0BEC-4B20-8B6E-9B7EE9116778}.Release|x64.Build.0 = Release|Any CPU
		{FE9E6C1A-0BEC-4B20-8B6E-9B7EE9116778}.Release|x86.ActiveCfg = Release|Any CPU
		{FE9E6C1A-0BEC-4B20-8B6E-9B7EE9116778}.Release|x86.Build.0 = Release|Any CPU
		{7D43631E-9724-4D18-9D5A-04192632C905}.Debug|Any CPU.ActiveCfg = Debug|Any CPU
		{7D43631E-9724-4D18-9D5A-04192632C905}.Debug|Any CPU.Build.0 = Debug|Any CPU
		{7D43631E-9724-4D18-9D5A-04192632C905}.Debug|ARM.ActiveCfg = Debug|Any CPU
		{7D43631E-9724-4D18-9D5A-04192632C905}.Debug|ARM.Build.0 = Debug|Any CPU
		{7D43631E-9724-4D18-9D5A-04192632C905}.Debug|x64.ActiveCfg = Debug|Any CPU
		{7D43631E-9724-4D18-9D5A-04192632C905}.Debug|x64.Build.0 = Debug|Any CPU
		{7D43631E-9724-4D18-9D5A-04192632C905}.Debug|x86.ActiveCfg = Debug|Any CPU
		{7D43631E-9724-4D18-9D5A-04192632C905}.Debug|x86.Build.0 = Debug|Any CPU
		{7D43631E-9724-4D18-9D5A-04192632C905}.Release|Any CPU.ActiveCfg = Release|Any CPU
		{7D43631E-9724-4D18-9D5A-04192632C905}.Release|Any CPU.Build.0 = Release|Any CPU
		{7D43631E-9724-4D18-9D5A-04192632C905}.Release|ARM.ActiveCfg = Release|Any CPU
		{7D43631E-9724-4D18-9D5A-04192632C905}.Release|ARM.Build.0 = Release|Any CPU
		{7D43631E-9724-4D18-9D5A-04192632C905}.Release|x64.ActiveCfg = Release|Any CPU
		{7D43631E-9724-4D18-9D5A-04192632C905}.Release|x64.Build.0 = Release|Any CPU
		{7D43631E-9724-4D18-9D5A-04192632C905}.Release|x86.ActiveCfg = Release|Any CPU
		{7D43631E-9724-4D18-9D5A-04192632C905}.Release|x86.Build.0 = Release|Any CPU
		{3BF47948-FF2C-4DDE-A864-AB0C7981CD1D}.Debug|Any CPU.ActiveCfg = Debug|Any CPU
		{3BF47948-FF2C-4DDE-A864-AB0C7981CD1D}.Debug|Any CPU.Build.0 = Debug|Any CPU
		{3BF47948-FF2C-4DDE-A864-AB0C7981CD1D}.Debug|ARM.ActiveCfg = Debug|Any CPU
		{3BF47948-FF2C-4DDE-A864-AB0C7981CD1D}.Debug|ARM.Build.0 = Debug|Any CPU
		{3BF47948-FF2C-4DDE-A864-AB0C7981CD1D}.Debug|x64.ActiveCfg = Debug|Any CPU
		{3BF47948-FF2C-4DDE-A864-AB0C7981CD1D}.Debug|x64.Build.0 = Debug|Any CPU
		{3BF47948-FF2C-4DDE-A864-AB0C7981CD1D}.Debug|x86.ActiveCfg = Debug|Any CPU
		{3BF47948-FF2C-4DDE-A864-AB0C7981CD1D}.Debug|x86.Build.0 = Debug|Any CPU
		{3BF47948-FF2C-4DDE-A864-AB0C7981CD1D}.Release|Any CPU.ActiveCfg = Release|Any CPU
		{3BF47948-FF2C-4DDE-A864-AB0C7981CD1D}.Release|Any CPU.Build.0 = Release|Any CPU
		{3BF47948-FF2C-4DDE-A864-AB0C7981CD1D}.Release|ARM.ActiveCfg = Release|Any CPU
		{3BF47948-FF2C-4DDE-A864-AB0C7981CD1D}.Release|ARM.Build.0 = Release|Any CPU
		{3BF47948-FF2C-4DDE-A864-AB0C7981CD1D}.Release|x64.ActiveCfg = Release|Any CPU
		{3BF47948-FF2C-4DDE-A864-AB0C7981CD1D}.Release|x64.Build.0 = Release|Any CPU
		{3BF47948-FF2C-4DDE-A864-AB0C7981CD1D}.Release|x86.ActiveCfg = Release|Any CPU
		{3BF47948-FF2C-4DDE-A864-AB0C7981CD1D}.Release|x86.Build.0 = Release|Any CPU
	EndGlobalSection
	GlobalSection(SolutionProperties) = preSolution
		HideSolutionNode = FALSE
	EndGlobalSection
	GlobalSection(ExtensibilityGlobals) = postSolution
		SolutionGuid = {4B86A29B-BDC8-4696-99B7-63358777EF85}
	EndGlobalSection
EndGlobal
