
Microsoft Visual Studio Solution File, Format Version 12.00
# Visual Studio 2012
Project("{FAE04EC0-301F-11D3-BF4B-00C04F79EFBC}") = "Ejercicio_17", "Ejercicio_17\Ejercicio_17.csproj", "{46CCF5CB-8E6C-4C0B-AA85-19799A312767}"
EndProject
Global
	GlobalSection(SolutionConfigurationPlatforms) = preSolution
		Debug|Any CPU = Debug|Any CPU
		Release|Any CPU = Release|Any CPU
	EndGlobalSection
	GlobalSection(ProjectConfigurationPlatforms) = postSolution
		{46CCF5CB-8E6C-4C0B-AA85-19799A312767}.Debug|Any CPU.ActiveCfg = Debug|Any CPU
		{46CCF5CB-8E6C-4C0B-AA85-19799A312767}.Debug|Any CPU.Build.0 = Debug|Any CPU
		{46CCF5CB-8E6C-4C0B-AA85-19799A312767}.Release|Any CPU.ActiveCfg = Release|Any CPU
		{46CCF5CB-8E6C-4C0B-AA85-19799A312767}.Release|Any CPU.Build.0 = Release|Any CPU
	EndGlobalSection
	GlobalSection(SolutionProperties) = preSolution
		HideSolutionNode = FALSE
	EndGlobalSection
EndGlobal
