
Microsoft Visual Studio Solution File, Format Version 12.00
# Visual Studio 2012
Project("{FAE04EC0-301F-11D3-BF4B-00C04F79EFBC}") = "MiCalculadora", "MiCalculadora\MiCalculadora.csproj", "{1E4CB2AD-7530-40E4-ADF8-7E469A26E8FB}"
EndProject
Project("{FAE04EC0-301F-11D3-BF4B-00C04F79EFBC}") = "Entidades", "Entidades\Entidades.csproj", "{6DAFBE6A-1E17-4741-A165-604DD322700B}"
EndProject
Global
	GlobalSection(SolutionConfigurationPlatforms) = preSolution
		Debug|Any CPU = Debug|Any CPU
		Release|Any CPU = Release|Any CPU
	EndGlobalSection
	GlobalSection(ProjectConfigurationPlatforms) = postSolution
		{1E4CB2AD-7530-40E4-ADF8-7E469A26E8FB}.Debug|Any CPU.ActiveCfg = Debug|Any CPU
		{1E4CB2AD-7530-40E4-ADF8-7E469A26E8FB}.Debug|Any CPU.Build.0 = Debug|Any CPU
		{1E4CB2AD-7530-40E4-ADF8-7E469A26E8FB}.Release|Any CPU.ActiveCfg = Release|Any CPU
		{1E4CB2AD-7530-40E4-ADF8-7E469A26E8FB}.Release|Any CPU.Build.0 = Release|Any CPU
		{6DAFBE6A-1E17-4741-A165-604DD322700B}.Debug|Any CPU.ActiveCfg = Debug|Any CPU
		{6DAFBE6A-1E17-4741-A165-604DD322700B}.Debug|Any CPU.Build.0 = Debug|Any CPU
		{6DAFBE6A-1E17-4741-A165-604DD322700B}.Release|Any CPU.ActiveCfg = Release|Any CPU
		{6DAFBE6A-1E17-4741-A165-604DD322700B}.Release|Any CPU.Build.0 = Release|Any CPU
	EndGlobalSection
	GlobalSection(SolutionProperties) = preSolution
		HideSolutionNode = FALSE
	EndGlobalSection
EndGlobal
